// !$*UTF8*$!
{
	archiveVersion = 1;
	classes = {
	};
	objectVersion = 56;
	objects = {

/* Begin PBXBuildFile section */
		3BC8348C2CB5573000B5C0BD /* AppDelegate.swift in Sources */ = {isa = PBXBuildFile; fileRef = 3BC8348B2CB5573000B5C0BD /* AppDelegate.swift */; };
		3BC8348E2CB5573000B5C0BD /* SceneDelegate.swift in Sources */ = {isa = PBXBuildFile; fileRef = 3BC8348D2CB5573000B5C0BD /* SceneDelegate.swift */; };
		3BC834952CB5573200B5C0BD /* Assets.xcassets in Resources */ = {isa = PBXBuildFile; fileRef = 3BC834942CB5573200B5C0BD /* Assets.xcassets */; };
		3BC834982CB5573200B5C0BD /* Base in Resources */ = {isa = PBXBuildFile; fileRef = 3BC834972CB5573200B5C0BD /* Base */; };
		3BC834A32CB5573300B5C0BD /* MarketnaTests.swift in Sources */ = {isa = PBXBuildFile; fileRef = 3BC834A22CB5573300B5C0BD /* MarketnaTests.swift */; };
		3BC834AD2CB5573300B5C0BD /* MarketnaUITests.swift in Sources */ = {isa = PBXBuildFile; fileRef = 3BC834AC2CB5573300B5C0BD /* MarketnaUITests.swift */; };
		3BC834AF2CB5573300B5C0BD /* MarketnaUITestsLaunchTests.swift in Sources */ = {isa = PBXBuildFile; fileRef = 3BC834AE2CB5573300B5C0BD /* MarketnaUITestsLaunchTests.swift */; };
/* End PBXBuildFile section */

/* Begin PBXContainerItemProxy section */
		3BC8349F2CB5573300B5C0BD /* PBXContainerItemProxy */ = {
			isa = PBXContainerItemProxy;
			containerPortal = 3BC834802CB5573000B5C0BD /* Project object */;
			proxyType = 1;
			remoteGlobalIDString = 3BC834872CB5573000B5C0BD;
			remoteInfo = Marketna;
		};
		3BC834A92CB5573300B5C0BD /* PBXContainerItemProxy */ = {
			isa = PBXContainerItemProxy;
			containerPortal = 3BC834802CB5573000B5C0BD /* Project object */;
			proxyType = 1;
			remoteGlobalIDString = 3BC834872CB5573000B5C0BD;
			remoteInfo = Marketna;
		};
/* End PBXContainerItemProxy section */

/* Begin PBXFileReference section */
		3BC834882CB5573000B5C0BD /* Marketna.app */ = {isa = PBXFileReference; explicitFileType = wrapper.application; includeInIndex = 0; path = Marketna.app; sourceTree = BUILT_PRODUCTS_DIR; };
		3BC8348B2CB5573000B5C0BD /* AppDelegate.swift */ = {isa = PBXFileReference; lastKnownFileType = sourcecode.swift; path = AppDelegate.swift; sourceTree = "<group>"; };
		3BC8348D2CB5573000B5C0BD /* SceneDelegate.swift */ = {isa = PBXFileReference; lastKnownFileType = sourcecode.swift; path = SceneDelegate.swift; sourceTree = "<group>"; };
		3BC834942CB5573200B5C0BD /* Assets.xcassets */ = {isa = PBXFileReference; lastKnownFileType = folder.assetcatalog; path = Assets.xcassets; sourceTree = "<group>"; };
		3BC834972CB5573200B5C0BD /* Base */ = {isa = PBXFileReference; lastKnownFileType = file.storyboard; name = Base; path = Base.lproj/LaunchScreen.storyboard; sourceTree = "<group>"; };
		3BC834992CB5573200B5C0BD /* Info.plist */ = {isa = PBXFileReference; lastKnownFileType = text.plist.xml; path = Info.plist; sourceTree = "<group>"; };
		3BC8349E2CB5573300B5C0BD /* MarketnaTests.xctest */ = {isa = PBXFileReference; explicitFileType = wrapper.cfbundle; includeInIndex = 0; path = MarketnaTests.xctest; sourceTree = BUILT_PRODUCTS_DIR; };
		3BC834A22CB5573300B5C0BD /* MarketnaTests.swift */ = {isa = PBXFileReference; lastKnownFileType = sourcecode.swift; path = MarketnaTests.swift; sourceTree = "<group>"; };
		3BC834A82CB5573300B5C0BD /* MarketnaUITests.xctest */ = {isa = PBXFileReference; explicitFileType = wrapper.cfbundle; includeInIndex = 0; path = MarketnaUITests.xctest; sourceTree = BUILT_PRODUCTS_DIR; };
		3BC834AC2CB5573300B5C0BD /* MarketnaUITests.swift */ = {isa = PBXFileReference; lastKnownFileType = sourcecode.swift; path = MarketnaUITests.swift; sourceTree = "<group>"; };
		3BC834AE2CB5573300B5C0BD /* MarketnaUITestsLaunchTests.swift */ = {isa = PBXFileReference; lastKnownFileType = sourcecode.swift; path = MarketnaUITestsLaunchTests.swift; sourceTree = "<group>"; };
/* End PBXFileReference section */

/* Begin PBXFrameworksBuildPhase section */
		3BC834852CB5573000B5C0BD /* Frameworks */ = {
			isa = PBXFrameworksBuildPhase;
			buildActionMask = 2147483647;
			files = (
			);
			runOnlyForDeploymentPostprocessing = 0;
		};
		3BC8349B2CB5573300B5C0BD /* Frameworks */ = {
			isa = PBXFrameworksBuildPhase;
			buildActionMask = 2147483647;
			files = (
			);
			runOnlyForDeploymentPostprocessing = 0;
		};
		3BC834A52CB5573300B5C0BD /* Frameworks */ = {
			isa = PBXFrameworksBuildPhase;
			buildActionMask = 2147483647;
			files = (
			);
			runOnlyForDeploymentPostprocessing = 0;
		};
/* End PBXFrameworksBuildPhase section */

/* Begin PBXGroup section */
		3BC8347F2CB5573000B5C0BD = {
			isa = PBXGroup;
			children = (
				3BC8348A2CB5573000B5C0BD /* Marketna */,
				3BC834A12CB5573300B5C0BD /* MarketnaTests */,
				3BC834AB2CB5573300B5C0BD /* MarketnaUITests */,
				3BC834892CB5573000B5C0BD /* Products */,
			);
			sourceTree = "<group>";
		};
		3BC834892CB5573000B5C0BD /* Products */ = {
			isa = PBXGroup;
			children = (
				3BC834882CB5573000B5C0BD /* Marketna.app */,
				3BC8349E2CB5573300B5C0BD /* MarketnaTests.xctest */,
				3BC834A82CB5573300B5C0BD /* MarketnaUITests.xctest */,
			);
			name = Products;
			sourceTree = "<group>";
		};
		3BC8348A2CB5573000B5C0BD /* Marketna */ = {
			isa = PBXGroup;
			children = (
				3BC834BC2CB59D2500B5C0BD /* Classes */,
				3BC834BB2CB59D1500B5C0BD /* Resources */,
			);
			path = Marketna;
			sourceTree = "<group>";
		};
		3BC834A12CB5573300B5C0BD /* MarketnaTests */ = {
			isa = PBXGroup;
			children = (
				3BC834A22CB5573300B5C0BD /* MarketnaTests.swift */,
			);
			path = MarketnaTests;
			sourceTree = "<group>";
		};
		3BC834AB2CB5573300B5C0BD /* MarketnaUITests */ = {
			isa = PBXGroup;
			children = (
				3BC834AC2CB5573300B5C0BD /* MarketnaUITests.swift */,
				3BC834AE2CB5573300B5C0BD /* MarketnaUITestsLaunchTests.swift */,
			);
			path = MarketnaUITests;
			sourceTree = "<group>";
		};
		3BC834BB2CB59D1500B5C0BD /* Resources */ = {
			isa = PBXGroup;
			children = (
				3BC834942CB5573200B5C0BD /* Assets.xcassets */,
				3BC834992CB5573200B5C0BD /* Info.plist */,
				3BC834962CB5573200B5C0BD /* LaunchScreen.storyboard */,
			);
			path = Resources;
			sourceTree = "<group>";
		};
		3BC834BC2CB59D2500B5C0BD /* Classes */ = {
			isa = PBXGroup;
			children = (
				3BC8348B2CB5573000B5C0BD /* AppDelegate.swift */,
				3BC8348D2CB5573000B5C0BD /* SceneDelegate.swift */,
			);
			path = Classes;
			sourceTree = "<group>";
		};
/* End PBXGroup section */

/* Begin PBXNativeTarget section */
		3BC834872CB5573000B5C0BD /* Marketna */ = {
			isa = PBXNativeTarget;
			buildConfigurationList = 3BC834B22CB5573300B5C0BD /* Build configuration list for PBXNativeTarget "Marketna" */;
			buildPhases = (
				3BC834842CB5573000B5C0BD /* Sources */,
				3BC834852CB5573000B5C0BD /* Frameworks */,
				3BC834862CB5573000B5C0BD /* Resources */,
			);
			buildRules = (
			);
			dependencies = (
			);
			name = Marketna;
			productName = Marketna;
			productReference = 3BC834882CB5573000B5C0BD /* Marketna.app */;
			productType = "com.apple.product-type.application";
		};
		3BC8349D2CB5573300B5C0BD /* MarketnaTests */ = {
			isa = PBXNativeTarget;
			buildConfigurationList = 3BC834B52CB5573300B5C0BD /* Build configuration list for PBXNativeTarget "MarketnaTests" */;
			buildPhases = (
				3BC8349A2CB5573300B5C0BD /* Sources */,
				3BC8349B2CB5573300B5C0BD /* Frameworks */,
				3BC8349C2CB5573300B5C0BD /* Resources */,
			);
			buildRules = (
			);
			dependencies = (
				3BC834A02CB5573300B5C0BD /* PBXTargetDependency */,
			);
			name = MarketnaTests;
			productName = MarketnaTests;
			productReference = 3BC8349E2CB5573300B5C0BD /* MarketnaTests.xctest */;
			productType = "com.apple.product-type.bundle.unit-test";
		};
		3BC834A72CB5573300B5C0BD /* MarketnaUITests */ = {
			isa = PBXNativeTarget;
			buildConfigurationList = 3BC834B82CB5573300B5C0BD /* Build configuration list for PBXNativeTarget "MarketnaUITests" */;
			buildPhases = (
				3BC834A42CB5573300B5C0BD /* Sources */,
				3BC834A52CB5573300B5C0BD /* Frameworks */,
				3BC834A62CB5573300B5C0BD /* Resources */,
			);
			buildRules = (
			);
			dependencies = (
				3BC834AA2CB5573300B5C0BD /* PBXTargetDependency */,
			);
			name = MarketnaUITests;
			productName = MarketnaUITests;
			productReference = 3BC834A82CB5573300B5C0BD /* MarketnaUITests.xctest */;
			productType = "com.apple.product-type.bundle.ui-testing";
		};
/* End PBXNativeTarget section */

/* Begin PBXProject section */
		3BC834802CB5573000B5C0BD /* Project object */ = {
			isa = PBXProject;
			attributes = {
				BuildIndependentTargetsInParallel = 1;
				LastSwiftUpdateCheck = 1540;
				LastUpgradeCheck = 1540;
				TargetAttributes = {
					3BC834872CB5573000B5C0BD = {
						CreatedOnToolsVersion = 15.4;
					};
					3BC8349D2CB5573300B5C0BD = {
						CreatedOnToolsVersion = 15.4;
						TestTargetID = 3BC834872CB5573000B5C0BD;
					};
					3BC834A72CB5573300B5C0BD = {
						CreatedOnToolsVersion = 15.4;
						TestTargetID = 3BC834872CB5573000B5C0BD;
					};
				};
			};
			buildConfigurationList = 3BC834832CB5573000B5C0BD /* Build configuration list for PBXProject "Marketna" */;
			compatibilityVersion = "Xcode 14.0";
			developmentRegion = en;
			hasScannedForEncodings = 0;
			knownRegions = (
				en,
				Base,
			);
			mainGroup = 3BC8347F2CB5573000B5C0BD;
			productRefGroup = 3BC834892CB5573000B5C0BD /* Products */;
			projectDirPath = "";
			projectRoot = "";
			targets = (
				3BC834872CB5573000B5C0BD /* Marketna */,
				3BC8349D2CB5573300B5C0BD /* MarketnaTests */,
				3BC834A72CB5573300B5C0BD /* MarketnaUITests */,
			);
		};
/* End PBXProject section */

/* Begin PBXResourcesBuildPhase section */
		3BC834862CB5573000B5C0BD /* Resources */ = {
			isa = PBXResourcesBuildPhase;
			buildActionMask = 2147483647;
			files = (
				3BC834952CB5573200B5C0BD /* Assets.xcassets in Resources */,
				3BC834982CB5573200B5C0BD /* Base in Resources */,
			);
			runOnlyForDeploymentPostprocessing = 0;
		};
		3BC8349C2CB5573300B5C0BD /* Resources */ = {
			isa = PBXResourcesBuildPhase;
			buildActionMask = 2147483647;
			files = (
			);
			runOnlyForDeploymentPostprocessing = 0;
		};
		3BC834A62CB5573300B5C0BD /* Resources */ = {
			isa = PBXResourcesBuildPhase;
			buildActionMask = 2147483647;
			files = (
			);
			runOnlyForDeploymentPostprocessing = 0;
		};
/* End PBXResourcesBuildPhase section */

/* Begin PBXSourcesBuildPhase section */
		3BC834842CB5573000B5C0BD /* Sources */ = {
			isa = PBXSourcesBuildPhase;
			buildActionMask = 2147483647;
			files = (
				3BC8348C2CB5573000B5C0BD /* AppDelegate.swift in Sources */,
				3BC8348E2CB5573000B5C0BD /* SceneDelegate.swift in Sources */,
			);
			runOnlyForDeploymentPostprocessing = 0;
		};
		3BC8349A2CB5573300B5C0BD /* Sources */ = {
			isa = PBXSourcesBuildPhase;
			buildActionMask = 2147483647;
			files = (
				3BC834A32CB5573300B5C0BD /* MarketnaTests.swift in Sources */,
			);
			runOnlyForDeploymentPostprocessing = 0;
		};
		3BC834A42CB5573300B5C0BD /* Sources */ = {
			isa = PBXSourcesBuildPhase;
			buildActionMask = 2147483647;
			files = (
				3BC834AF2CB5573300B5C0BD /* MarketnaUITestsLaunchTests.swift in Sources */,
				3BC834AD2CB5573300B5C0BD /* MarketnaUITests.swift in Sources */,
			);
			runOnlyForDeploymentPostprocessing = 0;
		};
/* End PBXSourcesBuildPhase section */

/* Begin PBXTargetDependency section */
		3BC834A02CB5573300B5C0BD /* PBXTargetDependency */ = {
			isa = PBXTargetDependency;
			target = 3BC834872CB5573000B5C0BD /* Marketna */;
			targetProxy = 3BC8349F2CB5573300B5C0BD /* PBXContainerItemProxy */;
		};
		3BC834AA2CB5573300B5C0BD /* PBXTargetDependency */ = {
			isa = PBXTargetDependency;
			target = 3BC834872CB5573000B5C0BD /* Marketna */;
			targetProxy = 3BC834A92CB5573300B5C0BD /* PBXContainerItemProxy */;
		};
/* End PBXTargetDependency section */

/* Begin PBXVariantGroup section */
		3BC834962CB5573200B5C0BD /* LaunchScreen.storyboard */ = {
			isa = PBXVariantGroup;
			children = (
				3BC834972CB5573200B5C0BD /* Base */,
			);
			name = LaunchScreen.storyboard;
			sourceTree = "<group>";
		};
/* End PBXVariantGroup section */

/* Begin XCBuildConfiguration section */
		3BC834B02CB5573300B5C0BD /* Debug */ = {
			isa = XCBuildConfiguration;
			buildSettings = {
				ALWAYS_SEARCH_USER_PATHS = NO;
				ASSETCATALOG_COMPILER_GENERATE_SWIFT_ASSET_SYMBOL_EXTENSIONS = YES;
				CLANG_ANALYZER_NONNULL = YES;
				CLANG_ANALYZER_NUMBER_OBJECT_CONVERSION = YES_AGGRESSIVE;
				CLANG_CXX_LANGUAGE_STANDARD = "gnu++20";
				CLANG_ENABLE_MODULES = YES;
				CLANG_ENABLE_OBJC_ARC = YES;
				CLANG_ENABLE_OBJC_WEAK = YES;
				CLANG_WARN_BLOCK_CAPTURE_AUTORELEASING = YES;
				CLANG_WARN_BOOL_CONVERSION = YES;
				CLANG_WARN_COMMA = YES;
				CLANG_WARN_CONSTANT_CONVERSION = YES;
				CLANG_WARN_DEPRECATED_OBJC_IMPLEMENTATIONS = YES;
				CLANG_WARN_DIRECT_OBJC_ISA_USAGE = YES_ERROR;
				CLANG_WARN_DOCUMENTATION_COMMENTS = YES;
				CLANG_WARN_EMPTY_BODY = YES;
				CLANG_WARN_ENUM_CONVERSION = YES;
				CLANG_WARN_INFINITE_RECURSION = YES;
				CLANG_WARN_INT_CONVERSION = YES;
				CLANG_WARN_NON_LITERAL_NULL_CONVERSION = YES;
				CLANG_WARN_OBJC_IMPLICIT_RETAIN_SELF = YES;
				CLANG_WARN_OBJC_LITERAL_CONVERSION = YES;
				CLANG_WARN_OBJC_ROOT_CLASS = YES_ERROR;
				CLANG_WARN_QUOTED_INCLUDE_IN_FRAMEWORK_HEADER = YES;
				CLANG_WARN_RANGE_LOOP_ANALYSIS = YES;
				CLANG_WARN_STRICT_PROTOTYPES = YES;
				CLANG_WARN_SUSPICIOUS_MOVE = YES;
				CLANG_WARN_UNGUARDED_AVAILABILITY = YES_AGGRESSIVE;
				CLANG_WARN_UNREACHABLE_CODE = YES;
				CLANG_WARN__DUPLICATE_METHOD_MATCH = YES;
				COPY_PHASE_STRIP = NO;
				DEBUG_INFORMATION_FORMAT = dwarf;
				ENABLE_STRICT_OBJC_MSGSEND = YES;
				ENABLE_TESTABILITY = YES;
				ENABLE_USER_SCRIPT_SANDBOXING = YES;
				GCC_C_LANGUAGE_STANDARD = gnu17;
				GCC_DYNAMIC_NO_PIC = NO;
				GCC_NO_COMMON_BLOCKS = YES;
				GCC_OPTIMIZATION_LEVEL = 0;
				GCC_PREPROCESSOR_DEFINITIONS = (
					"DEBUG=1",
					"$(inherited)",
				);
				GCC_WARN_64_TO_32_BIT_CONVERSION = YES;
				GCC_WARN_ABOUT_RETURN_TYPE = YES_ERROR;
				GCC_WARN_UNDECLARED_SELECTOR = YES;
				GCC_WARN_UNINITIALIZED_AUTOS = YES_AGGRESSIVE;
				GCC_WARN_UNUSED_FUNCTION = YES;
				GCC_WARN_UNUSED_VARIABLE = YES;
				IPHONEOS_DEPLOYMENT_TARGET = 17.5;
				LOCALIZATION_PREFERS_STRING_CATALOGS = YES;
				MTL_ENABLE_DEBUG_INFO = INCLUDE_SOURCE;
				MTL_FAST_MATH = YES;
				ONLY_ACTIVE_ARCH = YES;
				SDKROOT = iphoneos;
				SWIFT_ACTIVE_COMPILATION_CONDITIONS = "DEBUG $(inherited)";
				SWIFT_OPTIMIZATION_LEVEL = "-Onone";
			};
			name = Debug;
		};
		3BC834B12CB5573300B5C0BD /* Release */ = {
			isa = XCBuildConfiguration;
			buildSettings = {
				ALWAYS_SEARCH_USER_PATHS = NO;
				ASSETCATALOG_COMPILER_GENERATE_SWIFT_ASSET_SYMBOL_EXTENSIONS = YES;
				CLANG_ANALYZER_NONNULL = YES;
				CLANG_ANALYZER_NUMBER_OBJECT_CONVERSION = YES_AGGRESSIVE;
				CLANG_CXX_LANGUAGE_STANDARD = "gnu++20";
				CLANG_ENABLE_MODULES = YES;
				CLANG_ENABLE_OBJC_ARC = YES;
				CLANG_ENABLE_OBJC_WEAK = YES;
				CLANG_WARN_BLOCK_CAPTURE_AUTORELEASING = YES;
				CLANG_WARN_BOOL_CONVERSION = YES;
				CLANG_WARN_COMMA = YES;
				CLANG_WARN_CONSTANT_CONVERSION = YES;
				CLANG_WARN_DEPRECATED_OBJC_IMPLEMENTATIONS = YES;
				CLANG_WARN_DIRECT_OBJC_ISA_USAGE = YES_ERROR;
				CLANG_WARN_DOCUMENTATION_COMMENTS = YES;
				CLANG_WARN_EMPTY_BODY = YES;
				CLANG_WARN_ENUM_CONVERSION = YES;
				CLANG_WARN_INFINITE_RECURSION = YES;
				CLANG_WARN_INT_CONVERSION = YES;
				CLANG_WARN_NON_LITERAL_NULL_CONVERSION = YES;
				CLANG_WARN_OBJC_IMPLICIT_RETAIN_SELF = YES;
				CLANG_WARN_OBJC_LITERAL_CONVERSION = YES;
				CLANG_WARN_OBJC_ROOT_CLASS = YES_ERROR;
				CLANG_WARN_QUOTED_INCLUDE_IN_FRAMEWORK_HEADER = YES;
				CLANG_WARN_RANGE_LOOP_ANALYSIS = YES;
				CLANG_WARN_STRICT_PROTOTYPES = YES;
				CLANG_WARN_SUSPICIOUS_MOVE = YES;
				CLANG_WARN_UNGUARDED_AVAILABILITY = YES_AGGRESSIVE;
				CLANG_WARN_UNREACHABLE_CODE = YES;
				CLANG_WARN__DUPLICATE_METHOD_MATCH = YES;
				COPY_PHASE_STRIP = NO;
				DEBUG_INFORMATION_FORMAT = "dwarf-with-dsym";
				ENABLE_NS_ASSERTIONS = NO;
				ENABLE_STRICT_OBJC_MSGSEND = YES;
				ENABLE_USER_SCRIPT_SANDBOXING = YES;
				GCC_C_LANGUAGE_STANDARD = gnu17;
				GCC_NO_COMMON_BLOCKS = YES;
				GCC_WARN_64_TO_32_BIT_CONVERSION = YES;
				GCC_WARN_ABOUT_RETURN_TYPE = YES_ERROR;
				GCC_WARN_UNDECLARED_SELECTOR = YES;
				GCC_WARN_UNINITIALIZED_AUTOS = YES_AGGRESSIVE;
				GCC_WARN_UNUSED_FUNCTION = YES;
				GCC_WARN_UNUSED_VARIABLE = YES;
				IPHONEOS_DEPLOYMENT_TARGET = 17.5;
				LOCALIZATION_PREFERS_STRING_CATALOGS = YES;
				MTL_ENABLE_DEBUG_INFO = NO;
				MTL_FAST_MATH = YES;
				SDKROOT = iphoneos;
				SWIFT_COMPILATION_MODE = wholemodule;
				VALIDATE_PRODUCT = YES;
			};
			name = Release;
		};
		3BC834B32CB5573300B5C0BD /* Debug */ = {
			isa = XCBuildConfiguration;
			buildSettings = {
				ASSETCATALOG_COMPILER_APPICON_NAME = AppIcon;
				ASSETCATALOG_COMPILER_GLOBAL_ACCENT_COLOR_NAME = AccentColor;
				CODE_SIGN_STYLE = Automatic;
				CURRENT_PROJECT_VERSION = 1;
				GENERATE_INFOPLIST_FILE = YES;
				INFOPLIST_FILE = Marketna/Resources/Info.plist;
				INFOPLIST_KEY_UIApplicationSupportsIndirectInputEvents = YES;
				INFOPLIST_KEY_UILaunchStoryboardName = LaunchScreen;
				INFOPLIST_KEY_UISupportedInterfaceOrientations_iPad = "UIInterfaceOrientationPortrait UIInterfaceOrientationPortraitUpsideDown UIInterfaceOrientationLandscapeLeft UIInterfaceOrientationLandscapeRight";
				INFOPLIST_KEY_UISupportedInterfaceOrientations_iPhone = "UIInterfaceOrientationPortrait UIInterfaceOrientationLandscapeLeft UIInterfaceOrientationLandscapeRight";
				LD_RUNPATH_SEARCH_PATHS = (
					"$(inherited)",
					"@executable_path/Frameworks",
				);
				MARKETING_VERSION = 1.0;
				PRODUCT_BUNDLE_IDENTIFIER = sm7.Marketna;
				PRODUCT_NAME = "$(TARGET_NAME)";
				SWIFT_EMIT_LOC_STRINGS = YES;
				SWIFT_VERSION = 5.0;
				TARGETED_DEVICE_FAMILY = "1,2";
			};
			name = Debug;
		};
		3BC834B42CB5573300B5C0BD /* Release */ = {
			isa = XCBuildConfiguration;
			buildSettings = {
				ASSETCATALOG_COMPILER_APPICON_NAME = AppIcon;
				ASSETCATALOG_COMPILER_GLOBAL_ACCENT_COLOR_NAME = AccentColor;
				CODE_SIGN_STYLE = Automatic;
				CURRENT_PROJECT_VERSION = 1;
				GENERATE_INFOPLIST_FILE = YES;
				INFOPLIST_FILE = Marketna/Resources/Info.plist;
				INFOPLIST_KEY_UIApplicationSupportsIndirectInputEvents = YES;
				INFOPLIST_KEY_UILaunchStoryboardName = LaunchScreen;
				INFOPLIST_KEY_UISupportedInterfaceOrientations_iPad = "UIInterfaceOrientationPortrait UIInterfaceOrientationPortraitUpsideDown UIInterfaceOrientationLandscapeLeft UIInterfaceOrientationLandscapeRight";
				INFOPLIST_KEY_UISupportedInterfaceOrientations_iPhone = "UIInterfaceOrientationPortrait UIInterfaceOrientationLandscapeLeft UIInterfaceOrientationLandscapeRight";
				LD_RUNPATH_SEARCH_PATHS = (
					"$(inherited)",
					"@executable_path/Frameworks",
				);
				MARKETING_VERSION = 1.0;
				PRODUCT_BUNDLE_IDENTIFIER = sm7.Marketna;
				PRODUCT_NAME = "$(TARGET_NAME)";
				SWIFT_EMIT_LOC_STRINGS = YES;
				SWIFT_VERSION = 5.0;
				TARGETED_DEVICE_FAMILY = "1,2";
			};
			name = Release;
		};
		3BC834B62CB5573300B5C0BD /* Debug */ = {
			isa = XCBuildConfiguration;
			buildSettings = {
				ALWAYS_EMBED_SWIFT_STANDARD_LIBRARIES = YES;
				BUNDLE_LOADER = "$(TEST_HOST)";
				CODE_SIGN_STYLE = Automatic;
				CURRENT_PROJECT_VERSION = 1;
				GENERATE_INFOPLIST_FILE = YES;
				IPHONEOS_DEPLOYMENT_TARGET = 17.5;
				MARKETING_VERSION = 1.0;
				PRODUCT_BUNDLE_IDENTIFIER = sm7.MarketnaTests;
				PRODUCT_NAME = "$(TARGET_NAME)";
				SWIFT_EMIT_LOC_STRINGS = NO;
				SWIFT_VERSION = 5.0;
				TARGETED_DEVICE_FAMILY = "1,2";
				TEST_HOST = "$(BUILT_PRODUCTS_DIR)/Marketna.app/$(BUNDLE_EXECUTABLE_FOLDER_PATH)/Marketna";
			};
			name = Debug;
		};
		3BC834B72CB5573300B5C0BD /* Release */ = {
			isa = XCBuildConfiguration;
			buildSettings = {
				ALWAYS_EMBED_SWIFT_STANDARD_LIBRARIES = YES;
				BUNDLE_LOADER = "$(TEST_HOST)";
				CODE_SIGN_STYLE = Automatic;
				CURRENT_PROJECT_VERSION = 1;
				GENERATE_INFOPLIST_FILE = YES;
				IPHONEOS_DEPLOYMENT_TARGET = 17.5;
				MARKETING_VERSION = 1.0;
				PRODUCT_BUNDLE_IDENTIFIER = sm7.MarketnaTests;
				PRODUCT_NAME = "$(TARGET_NAME)";
				SWIFT_EMIT_LOC_STRINGS = NO;
				SWIFT_VERSION = 5.0;
				TARGETED_DEVICE_FAMILY = "1,2";
				TEST_HOST = "$(BUILT_PRODUCTS_DIR)/Marketna.app/$(BUNDLE_EXECUTABLE_FOLDER_PATH)/Marketna";
			};
			name = Release;
		};
		3BC834B92CB5573300B5C0BD /* Debug */ = {
			isa = XCBuildConfiguration;
			buildSettings = {
				ALWAYS_EMBED_SWIFT_STANDARD_LIBRARIES = YES;
				CODE_SIGN_STYLE = Automatic;
				CURRENT_PROJECT_VERSION = 1;
				GENERATE_INFOPLIST_FILE = YES;
				MARKETING_VERSION = 1.0;
				PRODUCT_BUNDLE_IDENTIFIER = sm7.MarketnaUITests;
				PRODUCT_NAME = "$(TARGET_NAME)";
				SWIFT_EMIT_LOC_STRINGS = NO;
				SWIFT_VERSION = 5.0;
				TARGETED_DEVICE_FAMILY = "1,2";
				TEST_TARGET_NAME = Marketna;
			};
			name = Debug;
		};
		3BC834BA2CB5573300B5C0BD /* Release */ = {
			isa = XCBuildConfiguration;
			buildSettings = {
				ALWAYS_EMBED_SWIFT_STANDARD_LIBRARIES = YES;
				CODE_SIGN_STYLE = Automatic;
				CURRENT_PROJECT_VERSION = 1;
				GENERATE_INFOPLIST_FILE = YES;
				MARKETING_VERSION = 1.0;
				PRODUCT_BUNDLE_IDENTIFIER = sm7.MarketnaUITests;
				PRODUCT_NAME = "$(TARGET_NAME)";
				SWIFT_EMIT_LOC_STRINGS = NO;
				SWIFT_VERSION = 5.0;
				TARGETED_DEVICE_FAMILY = "1,2";
				TEST_TARGET_NAME = Marketna;
			};
			name = Release;
		};
/* End XCBuildConfiguration section */

/* Begin XCConfigurationList section */
		3BC834832CB5573000B5C0BD /* Build configuration list for PBXProject "Marketna" */ = {
			isa = XCConfigurationList;
			buildConfigurations = (
				3BC834B02CB5573300B5C0BD /* Debug */,
				3BC834B12CB5573300B5C0BD /* Release */,
			);
			defaultConfigurationIsVisible = 0;
			defaultConfigurationName = Release;
		};
		3BC834B22CB5573300B5C0BD /* Build configuration list for PBXNativeTarget "Marketna" */ = {
			isa = XCConfigurationList;
			buildConfigurations = (
				3BC834B32CB5573300B5C0BD /* Debug */,
				3BC834B42CB5573300B5C0BD /* Release */,
			);
			defaultConfigurationIsVisible = 0;
			defaultConfigurationName = Release;
		};
		3BC834B52CB5573300B5C0BD /* Build configuration list for PBXNativeTarget "MarketnaTests" */ = {
			isa = XCConfigurationList;
			buildConfigurations = (
				3BC834B62CB5573300B5C0BD /* Debug */,
				3BC834B72CB5573300B5C0BD /* Release */,
			);
			defaultConfigurationIsVisible = 0;
			defaultConfigurationName = Release;
		};
		3BC834B82CB5573300B5C0BD /* Build configuration list for PBXNativeTarget "MarketnaUITests" */ = {
			isa = XCConfigurationList;
			buildConfigurations = (
				3BC834B92CB5573300B5C0BD /* Debug */,
				3BC834BA2CB5573300B5C0BD /* Release */,
			);
			defaultConfigurationIsVisible = 0;
			defaultConfigurationName = Release;
		};
/* End XCConfigurationList section */
	};
	rootObject = 3BC834802CB5573000B5C0BD /* Project object */;
}
